{
  "name": "app",
  "lockfileVersion": 3,
  "requires": true,
  "packages": {
    "": {
      "dependencies": {
        "@brtmvdl/frontend": "^2.0.1"
      }
    },
    "node_modules/@brtmvdl/frontend": {
      "version": "2.0.1",
      "resolved": "https://registry.npmjs.org/@brtmvdl/frontend/-/frontend-2.0.1.tgz",
      "integrity": "sha512-kD3OU2UHUUYwnhGU85MzWE7p7usXTHa4NhsYTJr0nbhhcJsKPd6N8W9uPHV0PzZx0UJc68JnnjriOWqi5hakQQ==",
      "bin": {
        "frontend": "bin/index.js"
      },
      "funding": {
        "url": "https://link.mercadopago.com.br/brtmvdl"
      }
    }
  }
}
